// !$*UTF8*$!
{
	archiveVersion = 1;
	classes = {
	};
	objectVersion = 50;
	objects = {

/* Begin PBXBuildFile section */
		DC287FCE24A92486009E55A3 /* TimeTravelClient.framework in Frameworks */ = {isa = PBXBuildFile; fileRef = DC158ADC24A6A19400877D27 /* TimeTravelClient.framework */; };
		DC287FCF24A92486009E55A3 /* TimeTravelClient.framework in Embed Frameworks */ = {isa = PBXBuildFile; fileRef = DC158ADC24A6A19400877D27 /* TimeTravelClient.framework */; settings = {ATTRIBUTES = (CodeSignOnCopy, RemoveHeadersOnCopy, ); }; };
		DCBD455824A5003F00655FE7 /* AppDelegate.swift in Sources */ = {isa = PBXBuildFile; fileRef = DCBD455724A5003F00655FE7 /* AppDelegate.swift */; };
		DCBD455C24A5004200655FE7 /* Assets.xcassets in Resources */ = {isa = PBXBuildFile; fileRef = DCBD455B24A5004200655FE7 /* Assets.xcassets */; };
		DCBD455F24A5004200655FE7 /* Preview Assets.xcassets in Resources */ = {isa = PBXBuildFile; fileRef = DCBD455E24A5004200655FE7 /* Preview Assets.xcassets */; };
		DCBD456224A5004200655FE7 /* Main.storyboard in Resources */ = {isa = PBXBuildFile; fileRef = DCBD456024A5004200655FE7 /* Main.storyboard */; };
		DCBD457B24A50A6200655FE7 /* TimeTravelViewProxy.swift in Sources */ = {isa = PBXBuildFile; fileRef = DCBD457A24A50A6200655FE7 /* TimeTravelViewProxy.swift */; };
		DCBD457D24A50B0400655FE7 /* TimeTravelView.swift in Sources */ = {isa = PBXBuildFile; fileRef = DCBD457C24A50B0400655FE7 /* TimeTravelView.swift */; };
		DCBD457F24A6120B00655FE7 /* ColorExt.swift in Sources */ = {isa = PBXBuildFile; fileRef = DCBD457E24A6120B00655FE7 /* ColorExt.swift */; };
		DCBD458124A6124200655FE7 /* ImageButton.swift in Sources */ = {isa = PBXBuildFile; fileRef = DCBD458024A6124200655FE7 /* ImageButton.swift */; };
		DCBD458324A6129A00655FE7 /* StringExt.swift in Sources */ = {isa = PBXBuildFile; fileRef = DCBD458224A6129A00655FE7 /* StringExt.swift */; };
		DCBD458524A6143600655FE7 /* ButtonsView.swift in Sources */ = {isa = PBXBuildFile; fileRef = DCBD458424A6143600655FE7 /* ButtonsView.swift */; };
		DCBD458724A615AC00655FE7 /* EventsView.swift in Sources */ = {isa = PBXBuildFile; fileRef = DCBD458624A615AC00655FE7 /* EventsView.swift */; };
		DCBD458924A61A5E00655FE7 /* EventValueView.swift in Sources */ = {isa = PBXBuildFile; fileRef = DCBD458824A61A5E00655FE7 /* EventValueView.swift */; };
		DCBD458B24A61AAC00655FE7 /* ValueExt.swift in Sources */ = {isa = PBXBuildFile; fileRef = DCBD458A24A61AAC00655FE7 /* ValueExt.swift */; };
/* End PBXBuildFile section */

/* Begin PBXCopyFilesBuildPhase section */
		DC287FD024A92486009E55A3 /* Embed Frameworks */ = {
			isa = PBXCopyFilesBuildPhase;
			buildActionMask = 2147483647;
			dstPath = "";
			dstSubfolderSpec = 10;
			files = (
				DC287FCF24A92486009E55A3 /* TimeTravelClient.framework in Embed Frameworks */,
			);
			name = "Embed Frameworks";
			runOnlyForDeploymentPostprocessing = 0;
		};
/* End PBXCopyFilesBuildPhase section */

/* Begin PBXFileReference section */
		DC158ADC24A6A19400877D27 /* TimeTravelClient.framework */ = {isa = PBXFileReference; lastKnownFileType = wrapper.framework; name = TimeTravelClient.framework; path = "../client-internal/build/xcode-mac-frameworks/TimeTravelClient.framework"; sourceTree = "<group>"; };
		DCBD455424A5003F00655FE7 /* app-macos.app */ = {isa = PBXFileReference; explicitFileType = wrapper.application; includeInIndex = 0; path = "app-macos.app"; sourceTree = BUILT_PRODUCTS_DIR; };
		DCBD455724A5003F00655FE7 /* AppDelegate.swift */ = {isa = PBXFileReference; lastKnownFileType = sourcecode.swift; path = AppDelegate.swift; sourceTree = "<group>"; };
		DCBD455B24A5004200655FE7 /* Assets.xcassets */ = {isa = PBXFileReference; lastKnownFileType = folder.assetcatalog; path = Assets.xcassets; sourceTree = "<group>"; };
		DCBD455E24A5004200655FE7 /* Preview Assets.xcassets */ = {isa = PBXFileReference; lastKnownFileType = folder.assetcatalog; path = "Preview Assets.xcassets"; sourceTree = "<group>"; };
		DCBD456124A5004200655FE7 /* Base */ = {isa = PBXFileReference; lastKnownFileType = file.storyboard; name = Base; path = Base.lproj/Main.storyboard; sourceTree = "<group>"; };
		DCBD456324A5004200655FE7 /* Info.plist */ = {isa = PBXFileReference; lastKnownFileType = text.plist.xml; path = Info.plist; sourceTree = "<group>"; };
		DCBD456424A5004200655FE7 /* app_macos.entitlements */ = {isa = PBXFileReference; lastKnownFileType = text.plist.entitlements; path = app_macos.entitlements; sourceTree = "<group>"; };
		DCBD457824A5072D00655FE7 /* TimeTravelClient.framework */ = {isa = PBXFileReference; lastKnownFileType = wrapper.framework; name = TimeTravelClient.framework; path = "../client-internal/build/bin/macosX64/releaseFramework/TimeTravelClient.framework"; sourceTree = "<group>"; };
		DCBD457A24A50A6200655FE7 /* TimeTravelViewProxy.swift */ = {isa = PBXFileReference; lastKnownFileType = sourcecode.swift; path = TimeTravelViewProxy.swift; sourceTree = "<group>"; };
		DCBD457C24A50B0400655FE7 /* TimeTravelView.swift */ = {isa = PBXFileReference; lastKnownFileType = sourcecode.swift; path = TimeTravelView.swift; sourceTree = "<group>"; };
		DCBD457E24A6120B00655FE7 /* ColorExt.swift */ = {isa = PBXFileReference; lastKnownFileType = sourcecode.swift; path = ColorExt.swift; sourceTree = "<group>"; };
		DCBD458024A6124200655FE7 /* ImageButton.swift */ = {isa = PBXFileReference; lastKnownFileType = sourcecode.swift; path = ImageButton.swift; sourceTree = "<group>"; };
		DCBD458224A6129A00655FE7 /* StringExt.swift */ = {isa = PBXFileReference; lastKnownFileType = sourcecode.swift; path = StringExt.swift; sourceTree = "<group>"; };
		DCBD458424A6143600655FE7 /* ButtonsView.swift */ = {isa = PBXFileReference; lastKnownFileType = sourcecode.swift; path = ButtonsView.swift; sourceTree = "<group>"; };
		DCBD458624A615AC00655FE7 /* EventsView.swift */ = {isa = PBXFileReference; lastKnownFileType = sourcecode.swift; path = EventsView.swift; sourceTree = "<group>"; };
		DCBD458824A61A5E00655FE7 /* EventValueView.swift */ = {isa = PBXFileReference; lastKnownFileType = sourcecode.swift; path = EventValueView.swift; sourceTree = "<group>"; };
		DCBD458A24A61AAC00655FE7 /* ValueExt.swift */ = {isa = PBXFileReference; lastKnownFileType = sourcecode.swift; path = ValueExt.swift; sourceTree = "<group>"; };
/* End PBXFileReference section */

/* Begin PBXFrameworksBuildPhase section */
		DCBD455124A5003F00655FE7 /* Frameworks */ = {
			isa = PBXFrameworksBuildPhase;
			buildActionMask = 2147483647;
			files = (
				DC287FCE24A92486009E55A3 /* TimeTravelClient.framework in Frameworks */,
			);
			runOnlyForDeploymentPostprocessing = 0;
		};
/* End PBXFrameworksBuildPhase section */

/* Begin PBXGroup section */
		DCBD454B24A5003F00655FE7 = {
			isa = PBXGroup;
			children = (
				DCBD457824A5072D00655FE7 /* TimeTravelClient.framework */,
				DCBD455624A5003F00655FE7 /* app-macos */,
				DCBD455524A5003F00655FE7 /* Products */,
				DCBD457124A506E200655FE7 /* Frameworks */,
			);
			sourceTree = "<group>";
		};
		DCBD455524A5003F00655FE7 /* Products */ = {
			isa = PBXGroup;
			children = (
				DCBD455424A5003F00655FE7 /* app-macos.app */,
			);
			name = Products;
			sourceTree = "<group>";
		};
		DCBD455624A5003F00655FE7 /* app-macos */ = {
			isa = PBXGroup;
			children = (
				DCBD455724A5003F00655FE7 /* AppDelegate.swift */,
				DCBD455B24A5004200655FE7 /* Assets.xcassets */,
				DCBD456024A5004200655FE7 /* Main.storyboard */,
				DCBD456324A5004200655FE7 /* Info.plist */,
				DCBD456424A5004200655FE7 /* app_macos.entitlements */,
				DCBD455D24A5004200655FE7 /* Preview Content */,
				DCBD457A24A50A6200655FE7 /* TimeTravelViewProxy.swift */,
				DCBD457C24A50B0400655FE7 /* TimeTravelView.swift */,
				DCBD457E24A6120B00655FE7 /* ColorExt.swift */,
				DCBD458024A6124200655FE7 /* ImageButton.swift */,
				DCBD458224A6129A00655FE7 /* StringExt.swift */,
				DCBD458424A6143600655FE7 /* ButtonsView.swift */,
				DCBD458624A615AC00655FE7 /* EventsView.swift */,
				DCBD458824A61A5E00655FE7 /* EventValueView.swift */,
				DCBD458A24A61AAC00655FE7 /* ValueExt.swift */,
			);
			path = "app-macos";
			sourceTree = "<group>";
		};
		DCBD455D24A5004200655FE7 /* Preview Content */ = {
			isa = PBXGroup;
			children = (
				DCBD455E24A5004200655FE7 /* Preview Assets.xcassets */,
			);
			path = "Preview Content";
			sourceTree = "<group>";
		};
		DCBD457124A506E200655FE7 /* Frameworks */ = {
			isa = PBXGroup;
			children = (
				DC158ADC24A6A19400877D27 /* TimeTravelClient.framework */,
			);
			name = Frameworks;
			sourceTree = "<group>";
		};
/* End PBXGroup section */

/* Begin PBXNativeTarget section */
		DCBD455324A5003F00655FE7 /* app-macos */ = {
			isa = PBXNativeTarget;
			buildConfigurationList = DCBD456724A5004200655FE7 /* Build configuration list for PBXNativeTarget "app-macos" */;
			buildPhases = (
				DC158AD724A6840D00877D27 /* Run Script */,
				DCBD455024A5003F00655FE7 /* Sources */,
				DCBD455124A5003F00655FE7 /* Frameworks */,
				DCBD455224A5003F00655FE7 /* Resources */,
				DC287FD024A92486009E55A3 /* Embed Frameworks */,
			);
			buildRules = (
			);
			dependencies = (
			);
			name = "app-macos";
			productName = "app-macos";
			productReference = DCBD455424A5003F00655FE7 /* app-macos.app */;
			productType = "com.apple.product-type.application";
		};
/* End PBXNativeTarget section */

/* Begin PBXProject section */
		DCBD454C24A5003F00655FE7 /* Project object */ = {
			isa = PBXProject;
			attributes = {
				LastSwiftUpdateCheck = 1150;
				LastUpgradeCheck = 1150;
				ORGANIZATIONNAME = "Arkadii Ivanov";
				TargetAttributes = {
					DCBD455324A5003F00655FE7 = {
						CreatedOnToolsVersion = 11.5;
					};
				};
			};
			buildConfigurationList = DCBD454F24A5003F00655FE7 /* Build configuration list for PBXProject "app-macos" */;
			compatibilityVersion = "Xcode 9.3";
			developmentRegion = en;
			hasScannedForEncodings = 0;
			knownRegions = (
				en,
				Base,
			);
			mainGroup = DCBD454B24A5003F00655FE7;
			productRefGroup = DCBD455524A5003F00655FE7 /* Products */;
			projectDirPath = "";
			projectRoot = "";
			targets = (
				DCBD455324A5003F00655FE7 /* app-macos */,
			);
		};
/* End PBXProject section */

/* Begin PBXResourcesBuildPhase section */
		DCBD455224A5003F00655FE7 /* Resources */ = {
			isa = PBXResourcesBuildPhase;
			buildActionMask = 2147483647;
			files = (
				DCBD456224A5004200655FE7 /* Main.storyboard in Resources */,
				DCBD455F24A5004200655FE7 /* Preview Assets.xcassets in Resources */,
				DCBD455C24A5004200655FE7 /* Assets.xcassets in Resources */,
			);
			runOnlyForDeploymentPostprocessing = 0;
		};
/* End PBXResourcesBuildPhase section */

/* Begin PBXShellScriptBuildPhase section */
		DC158AD724A6840D00877D27 /* Run Script */ = {
			isa = PBXShellScriptBuildPhase;
			buildActionMask = 2147483647;
			files = (
			);
			inputFileListPaths = (
			);
			inputPaths = (
			);
			name = "Run Script";
			outputFileListPaths = (
			);
			outputPaths = (
			);
			runOnlyForDeploymentPostprocessing = 0;
			shellPath = /bin/sh;
			shellScript = "cd \"../client-internal/build/xcode-mac-frameworks\"\n./gradlew :mvikotlin-timetravel-client:client-internal:packMacForXCode -PXCODE_CONFIGURATION=${CONFIGURATION}\n";
		};
/* End PBXShellScriptBuildPhase section */

/* Begin PBXSourcesBuildPhase section */
		DCBD455024A5003F00655FE7 /* Sources */ = {
			isa = PBXSourcesBuildPhase;
			buildActionMask = 2147483647;
			files = (
				DCBD457B24A50A6200655FE7 /* TimeTravelViewProxy.swift in Sources */,
				DCBD457F24A6120B00655FE7 /* ColorExt.swift in Sources */,
				DCBD458124A6124200655FE7 /* ImageButton.swift in Sources */,
				DCBD458B24A61AAC00655FE7 /* ValueExt.swift in Sources */,
				DCBD458724A615AC00655FE7 /* EventsView.swift in Sources */,
				DCBD458924A61A5E00655FE7 /* EventValueView.swift in Sources */,
				DCBD455824A5003F00655FE7 /* AppDelegate.swift in Sources */,
				DCBD458524A6143600655FE7 /* ButtonsView.swift in Sources */,
				DCBD458324A6129A00655FE7 /* StringExt.swift in Sources */,
				DCBD457D24A50B0400655FE7 /* TimeTravelView.swift in Sources */,
			);
			runOnlyForDeploymentPostprocessing = 0;
		};
/* End PBXSourcesBuildPhase section */

/* Begin PBXVariantGroup section */
		DCBD456024A5004200655FE7 /* Main.storyboard */ = {
			isa = PBXVariantGroup;
			children = (
				DCBD456124A5004200655FE7 /* Base */,
			);
			name = Main.storyboard;
			sourceTree = "<group>";
		};
/* End PBXVariantGroup section */

/* Begin XCBuildConfiguration section */
		DCBD456524A5004200655FE7 /* Debug */ = {
			isa = XCBuildConfiguration;
			buildSettings = {
				ALWAYS_SEARCH_USER_PATHS = NO;
				CLANG_ANALYZER_NONNULL = YES;
				CLANG_ANALYZER_NUMBER_OBJECT_CONVERSION = YES_AGGRESSIVE;
				CLANG_CXX_LANGUAGE_STANDARD = "gnu++14";
				CLANG_CXX_LIBRARY = "libc++";
				CLANG_ENABLE_MODULES = YES;
				CLANG_ENABLE_OBJC_ARC = YES;
				CLANG_ENABLE_OBJC_WEAK = YES;
				CLANG_WARN_BLOCK_CAPTURE_AUTORELEASING = YES;
				CLANG_WARN_BOOL_CONVERSION = YES;
				CLANG_WARN_COMMA = YES;
				CLANG_WARN_CONSTANT_CONVERSION = YES;
				CLANG_WARN_DEPRECATED_OBJC_IMPLEMENTATIONS = YES;
				CLANG_WARN_DIRECT_OBJC_ISA_USAGE = YES_ERROR;
				CLANG_WARN_DOCUMENTATION_COMMENTS = YES;
				CLANG_WARN_EMPTY_BODY = YES;
				CLANG_WARN_ENUM_CONVERSION = YES;
				CLANG_WARN_INFINITE_RECURSION = YES;
				CLANG_WARN_INT_CONVERSION = YES;
				CLANG_WARN_NON_LITERAL_NULL_CONVERSION = YES;
				CLANG_WARN_OBJC_IMPLICIT_RETAIN_SELF = YES;
				CLANG_WARN_OBJC_LITERAL_CONVERSION = YES;
				CLANG_WARN_OBJC_ROOT_CLASS = YES_ERROR;
				CLANG_WARN_RANGE_LOOP_ANALYSIS = YES;
				CLANG_WARN_STRICT_PROTOTYPES = YES;
				CLANG_WARN_SUSPICIOUS_MOVE = YES;
				CLANG_WARN_UNGUARDED_AVAILABILITY = YES_AGGRESSIVE;
				CLANG_WARN_UNREACHABLE_CODE = YES;
				CLANG_WARN__DUPLICATE_METHOD_MATCH = YES;
				COPY_PHASE_STRIP = NO;
				DEBUG_INFORMATION_FORMAT = dwarf;
				ENABLE_STRICT_OBJC_MSGSEND = YES;
				ENABLE_TESTABILITY = YES;
				GCC_C_LANGUAGE_STANDARD = gnu11;
				GCC_DYNAMIC_NO_PIC = NO;
				GCC_NO_COMMON_BLOCKS = YES;
				GCC_OPTIMIZATION_LEVEL = 0;
				GCC_PREPROCESSOR_DEFINITIONS = (
					"DEBUG=1",
					"$(inherited)",
				);
				GCC_WARN_64_TO_32_BIT_CONVERSION = YES;
				GCC_WARN_ABOUT_RETURN_TYPE = YES_ERROR;
				GCC_WARN_UNDECLARED_SELECTOR = YES;
				GCC_WARN_UNINITIALIZED_AUTOS = YES_AGGRESSIVE;
				GCC_WARN_UNUSED_FUNCTION = YES;
				GCC_WARN_UNUSED_VARIABLE = YES;
				MACOSX_DEPLOYMENT_TARGET = 10.15;
				MTL_ENABLE_DEBUG_INFO = INCLUDE_SOURCE;
				MTL_FAST_MATH = YES;
				ONLY_ACTIVE_ARCH = YES;
				SDKROOT = macosx;
				SWIFT_ACTIVE_COMPILATION_CONDITIONS = DEBUG;
				SWIFT_OPTIMIZATION_LEVEL = "-Onone";
			};
			name = Debug;
		};
		DCBD456624A5004200655FE7 /* Release */ = {
			isa = XCBuildConfiguration;
			buildSettings = {
				ALWAYS_SEARCH_USER_PATHS = NO;
				CLANG_ANALYZER_NONNULL = YES;
				CLANG_ANALYZER_NUMBER_OBJECT_CONVERSION = YES_AGGRESSIVE;
				CLANG_CXX_LANGUAGE_STANDARD = "gnu++14";
				CLANG_CXX_LIBRARY = "libc++";
				CLANG_ENABLE_MODULES = YES;
				CLANG_ENABLE_OBJC_ARC = YES;
				CLANG_ENABLE_OBJC_WEAK = YES;
				CLANG_WARN_BLOCK_CAPTURE_AUTORELEASING = YES;
				CLANG_WARN_BOOL_CONVERSION = YES;
				CLANG_WARN_COMMA = YES;
				CLANG_WARN_CONSTANT_CONVERSION = YES;
				CLANG_WARN_DEPRECATED_OBJC_IMPLEMENTATIONS = YES;
				CLANG_WARN_DIRECT_OBJC_ISA_USAGE = YES_ERROR;
				CLANG_WARN_DOCUMENTATION_COMMENTS = YES;
				CLANG_WARN_EMPTY_BODY = YES;
				CLANG_WARN_ENUM_CONVERSION = YES;
				CLANG_WARN_INFINITE_RECURSION = YES;
				CLANG_WARN_INT_CONVERSION = YES;
				CLANG_WARN_NON_LITERAL_NULL_CONVERSION = YES;
				CLANG_WARN_OBJC_IMPLICIT_RETAIN_SELF = YES;
				CLANG_WARN_OBJC_LITERAL_CONVERSION = YES;
				CLANG_WARN_OBJC_ROOT_CLASS = YES_ERROR;
				CLANG_WARN_RANGE_LOOP_ANALYSIS = YES;
				CLANG_WARN_STRICT_PROTOTYPES = YES;
				CLANG_WARN_SUSPICIOUS_MOVE = YES;
				CLANG_WARN_UNGUARDED_AVAILABILITY = YES_AGGRESSIVE;
				CLANG_WARN_UNREACHABLE_CODE = YES;
				CLANG_WARN__DUPLICATE_METHOD_MATCH = YES;
				COPY_PHASE_STRIP = NO;
				DEBUG_INFORMATION_FORMAT = "dwarf-with-dsym";
				ENABLE_NS_ASSERTIONS = NO;
				ENABLE_STRICT_OBJC_MSGSEND = YES;
				GCC_C_LANGUAGE_STANDARD = gnu11;
				GCC_NO_COMMON_BLOCKS = YES;
				GCC_WARN_64_TO_32_BIT_CONVERSION = YES;
				GCC_WARN_ABOUT_RETURN_TYPE = YES_ERROR;
				GCC_WARN_UNDECLARED_SELECTOR = YES;
				GCC_WARN_UNINITIALIZED_AUTOS = YES_AGGRESSIVE;
				GCC_WARN_UNUSED_FUNCTION = YES;
				GCC_WARN_UNUSED_VARIABLE = YES;
				MACOSX_DEPLOYMENT_TARGET = 10.15;
				MTL_ENABLE_DEBUG_INFO = NO;
				MTL_FAST_MATH = YES;
				SDKROOT = macosx;
				SWIFT_COMPILATION_MODE = wholemodule;
				SWIFT_OPTIMIZATION_LEVEL = "-O";
			};
			name = Release;
		};
		DCBD456824A5004200655FE7 /* Debug */ = {
			isa = XCBuildConfiguration;
			buildSettings = {
				ASSETCATALOG_COMPILER_APPICON_NAME = AppIcon;
				CODE_SIGN_ENTITLEMENTS = "app-macos/app_macos.entitlements";
				CODE_SIGN_STYLE = Automatic;
				COMBINE_HIDPI_IMAGES = YES;
				DEVELOPMENT_ASSET_PATHS = "\"app-macos/Preview Content\"";
				ENABLE_PREVIEWS = YES;
				FRAMEWORK_SEARCH_PATHS = "../client-internal/build/xcode-mac-frameworks";
				INFOPLIST_FILE = "app-macos/Info.plist";
				LD_RUNPATH_SEARCH_PATHS = (
					"$(inherited)",
					"@executable_path/../Frameworks",
				);
				MACOSX_DEPLOYMENT_TARGET = 10.15;
				PRODUCT_BUNDLE_IDENTIFIER = "com.arkivanov.mvikotlin.timetravel.client.app-macos";
				PRODUCT_NAME = "$(TARGET_NAME)";
				SWIFT_VERSION = 5.0;
			};
			name = Debug;
		};
		DCBD456924A5004200655FE7 /* Release */ = {
			isa = XCBuildConfiguration;
			buildSettings = {
				ASSETCATALOG_COMPILER_APPICON_NAME = AppIcon;
				CODE_SIGN_ENTITLEMENTS = "app-macos/app_macos.entitlements";
				CODE_SIGN_STYLE = Automatic;
				COMBINE_HIDPI_IMAGES = YES;
				DEVELOPMENT_ASSET_PATHS = "\"app-macos/Preview Content\"";
				ENABLE_PREVIEWS = YES;
				FRAMEWORK_SEARCH_PATHS = "../client-internal/build/xcode-mac-frameworks";
				INFOPLIST_FILE = "app-macos/Info.plist";
				LD_RUNPATH_SEARCH_PATHS = (
					"$(inherited)",
					"@executable_path/../Frameworks",
				);
				MACOSX_DEPLOYMENT_TARGET = 10.15;
				PRODUCT_BUNDLE_IDENTIFIER = "com.arkivanov.mvikotlin.timetravel.client.app-macos";
				PRODUCT_NAME = "$(TARGET_NAME)";
				SWIFT_VERSION = 5.0;
			};
			name = Release;
		};
/* End XCBuildConfiguration section */

/* Begin XCConfigurationList section */
		DCBD454F24A5003F00655FE7 /* Build configuration list for PBXProject "app-macos" */ = {
			isa = XCConfigurationList;
			buildConfigurations = (
				DCBD456524A5004200655FE7 /* Debug */,
				DCBD456624A5004200655FE7 /* Release */,
			);
			defaultConfigurationIsVisible = 0;
			defaultConfigurationName = Release;
		};
		DCBD456724A5004200655FE7 /* Build configuration list for PBXNativeTarget "app-macos" */ = {
			isa = XCConfigurationList;
			buildConfigurations = (
				DCBD456824A5004200655FE7 /* Debug */,
				DCBD456924A5004200655FE7 /* Release */,
			);
			defaultConfigurationIsVisible = 0;
			defaultConfigurationName = Release;
		};
/* End XCConfigurationList section */
	};
	rootObject = DCBD454C24A5003F00655FE7 /* Project object */;
}
